// !$*UTF8*$!
{
	archiveVersion = 1;
	classes = {
	};
	objectVersion = 55;
	objects = {

/* Begin PBXBuildFile section */
		71DE1A2A293E467500A25474 /* AppDelegate.swift in Sources */ = {isa = PBXBuildFile; fileRef = 71DE1A29293E467500A25474 /* AppDelegate.swift */; };
		71DE1A2C293E467500A25474 /* SceneDelegate.swift in Sources */ = {isa = PBXBuildFile; fileRef = 71DE1A2B293E467500A25474 /* SceneDelegate.swift */; };
		71DE1A2E293E467500A25474 /* ViewController.swift in Sources */ = {isa = PBXBuildFile; fileRef = 71DE1A2D293E467500A25474 /* ViewController.swift */; };
		71DE1A31293E467500A25474 /* Main.storyboard in Resources */ = {isa = PBXBuildFile; fileRef = 71DE1A2F293E467500A25474 /* Main.storyboard */; };
		71DE1A33293E467D00A25474 /* Assets.xcassets in Resources */ = {isa = PBXBuildFile; fileRef = 71DE1A32293E467D00A25474 /* Assets.xcassets */; };
		71DE1A36293E467D00A25474 /* LaunchScreen.storyboard in Resources */ = {isa = PBXBuildFile; fileRef = 71DE1A34293E467D00A25474 /* LaunchScreen.storyboard */; };
		71DE1A87293F5E4400A25474 /* Logger.m in Sources */ = {isa = PBXBuildFile; fileRef = 71DE1A86293F5E4400A25474 /* Logger.m */; };
		71EB64DE2996819F00E9795C /* ViewController+LSUniversalSDKDelegate.swift in Sources */ = {isa = PBXBuildFile; fileRef = 71EB64DD2996819F00E9795C /* ViewController+LSUniversalSDKDelegate.swift */; };
		92C20846EADB4F9DD3449D05 /* Pods_LSUniversalTest.framework in Frameworks */ = {isa = PBXBuildFile; fileRef = 9E93C6DBAB7496C87F033C30 /* Pods_LSUniversalTest.framework */; };
/* End PBXBuildFile section */

/* Begin PBXFileReference section */
		71DE1A26293E467500A25474 /* LSUniversalTest.app */ = {isa = PBXFileReference; explicitFileType = wrapper.application; includeInIndex = 0; path = LSUniversalTest.app; sourceTree = BUILT_PRODUCTS_DIR; };
		71DE1A29293E467500A25474 /* AppDelegate.swift */ = {isa = PBXFileReference; lastKnownFileType = sourcecode.swift; path = AppDelegate.swift; sourceTree = "<group>"; };
		71DE1A2B293E467500A25474 /* SceneDelegate.swift */ = {isa = PBXFileReference; lastKnownFileType = sourcecode.swift; path = SceneDelegate.swift; sourceTree = "<group>"; };
		71DE1A2D293E467500A25474 /* ViewController.swift */ = {isa = PBXFileReference; lastKnownFileType = sourcecode.swift; path = ViewController.swift; sourceTree = "<group>"; };
		71DE1A30293E467500A25474 /* Base */ = {isa = PBXFileReference; lastKnownFileType = file.storyboard; name = Base; path = Base.lproj/Main.storyboard; sourceTree = "<group>"; };
		71DE1A32293E467D00A25474 /* Assets.xcassets */ = {isa = PBXFileReference; lastKnownFileType = folder.assetcatalog; path = Assets.xcassets; sourceTree = "<group>"; };
		71DE1A35293E467D00A25474 /* Base */ = {isa = PBXFileReference; lastKnownFileType = file.storyboard; name = Base; path = Base.lproj/LaunchScreen.storyboard; sourceTree = "<group>"; };
		71DE1A37293E467E00A25474 /* Info.plist */ = {isa = PBXFileReference; lastKnownFileType = text.plist.xml; path = Info.plist; sourceTree = "<group>"; };
		71DE1A5E293E4BBA00A25474 /* Permissions.xcframework */ = {isa = PBXFileReference; lastKnownFileType = wrapper.xcframework; name = Permissions.xcframework; path = "../livesight/livesight-universalsdk/build/Permissions.xcframework"; sourceTree = "<group>"; };
		71DE1A5F293E4BBA00A25474 /* SightCallCore.xcframework */ = {isa = PBXFileReference; lastKnownFileType = wrapper.xcframework; name = SightCallCore.xcframework; path = "../livesight/livesight-universalsdk/build/SightCallCore.xcframework"; sourceTree = "<group>"; };
		71DE1A60293E4BBA00A25474 /* AdvancedAnnotations.xcframework */ = {isa = PBXFileReference; lastKnownFileType = wrapper.xcframework; name = AdvancedAnnotations.xcframework; path = "../livesight/livesight-universalsdk/build/AdvancedAnnotations.xcframework"; sourceTree = "<group>"; };
		71DE1A61293E4BBA00A25474 /* MediaCapture.xcframework */ = {isa = PBXFileReference; lastKnownFileType = wrapper.xcframework; name = MediaCapture.xcframework; path = "../livesight/livesight-universalsdk/build/MediaCapture.xcframework"; sourceTree = "<group>"; };
		71DE1A62293E4BBA00A25474 /* Wormhole.xcframework */ = {isa = PBXFileReference; lastKnownFileType = wrapper.xcframework; name = Wormhole.xcframework; path = "../livesight/livesight-universalsdk/build/Wormhole.xcframework"; sourceTree = "<group>"; };
		71DE1A63293E4BBA00A25474 /* LiveTranslation.xcframework */ = {isa = PBXFileReference; lastKnownFileType = wrapper.xcframework; name = LiveTranslation.xcframework; path = "../livesight/livesight-universalsdk/build/LiveTranslation.xcframework"; sourceTree = "<group>"; };
		71DE1A64293E4BBA00A25474 /* LSUniversalSDK.xcframework */ = {isa = PBXFileReference; lastKnownFileType = wrapper.xcframework; name = LSUniversalSDK.xcframework; path = "../livesight/livesight-universalsdk/build/LSUniversalSDK.xcframework"; sourceTree = "<group>"; };
		71DE1A65293E4BBA00A25474 /* Multiparty.xcframework */ = {isa = PBXFileReference; lastKnownFileType = wrapper.xcframework; name = Multiparty.xcframework; path = "../livesight/livesight-universalsdk/build/Multiparty.xcframework"; sourceTree = "<group>"; };
		71DE1A7E293E51EA00A25474 /* Podfile */ = {isa = PBXFileReference; lastKnownFileType = text; path = Podfile; sourceTree = "<group>"; xcLanguageSpecificationIdentifier = xcode.lang.ruby; };
		71DE1A84293F5E4400A25474 /* LSUniversalTest-Bridging-Header.h */ = {isa = PBXFileReference; lastKnownFileType = sourcecode.c.h; path = "LSUniversalTest-Bridging-Header.h"; sourceTree = "<group>"; };
		71DE1A85293F5E4400A25474 /* Logger.h */ = {isa = PBXFileReference; lastKnownFileType = sourcecode.c.h; path = Logger.h; sourceTree = "<group>"; };
		71DE1A86293F5E4400A25474 /* Logger.m */ = {isa = PBXFileReference; lastKnownFileType = sourcecode.c.objc; path = Logger.m; sourceTree = "<group>"; };
		71EB64DD2996819F00E9795C /* ViewController+LSUniversalSDKDelegate.swift */ = {isa = PBXFileReference; lastKnownFileType = sourcecode.swift; path = "ViewController+LSUniversalSDKDelegate.swift"; sourceTree = "<group>"; };
		9E93C6DBAB7496C87F033C30 /* Pods_LSUniversalTest.framework */ = {isa = PBXFileReference; explicitFileType = wrapper.framework; includeInIndex = 0; path = Pods_LSUniversalTest.framework; sourceTree = BUILT_PRODUCTS_DIR; };
		CD92C6744A3D2DEABF94B358 /* Pods-LSUniversalTest.release.xcconfig */ = {isa = PBXFileReference; includeInIndex = 1; lastKnownFileType = text.xcconfig; name = "Pods-LSUniversalTest.release.xcconfig"; path = "Target Support Files/Pods-LSUniversalTest/Pods-LSUniversalTest.release.xcconfig"; sourceTree = "<group>"; };
		EC628BF772C101A825129BB6 /* Pods-LSUniversalTest.debug.xcconfig */ = {isa = PBXFileReference; includeInIndex = 1; lastKnownFileType = text.xcconfig; name = "Pods-LSUniversalTest.debug.xcconfig"; path = "Target Support Files/Pods-LSUniversalTest/Pods-LSUniversalTest.debug.xcconfig"; sourceTree = "<group>"; };
/* End PBXFileReference section */

/* Begin PBXFrameworksBuildPhase section */
		71DE1A23293E467500A25474 /* Frameworks */ = {
			isa = PBXFrameworksBuildPhase;
			buildActionMask = 2147483647;
			files = (
				92C20846EADB4F9DD3449D05 /* Pods_LSUniversalTest.framework in Frameworks */,
			);
			runOnlyForDeploymentPostprocessing = 0;
		};
/* End PBXFrameworksBuildPhase section */

/* Begin PBXGroup section */
		1DF431C2759994E367DFC6E1 /* Pods */ = {
			isa = PBXGroup;
			children = (
				EC628BF772C101A825129BB6 /* Pods-LSUniversalTest.debug.xcconfig */,
				CD92C6744A3D2DEABF94B358 /* Pods-LSUniversalTest.release.xcconfig */,
			);
			path = Pods;
			sourceTree = "<group>";
		};
		71DE1A1D293E467500A25474 = {
			isa = PBXGroup;
			children = (
				71DE1A7E293E51EA00A25474 /* Podfile */,
				71DE1A28293E467500A25474 /* LSUniversalTest */,
				71DE1A27293E467500A25474 /* Products */,
				71DE1A3D293E471800A25474 /* Frameworks */,
				1DF431C2759994E367DFC6E1 /* Pods */,
			);
			sourceTree = "<group>";
		};
		71DE1A27293E467500A25474 /* Products */ = {
			isa = PBXGroup;
			children = (
				71DE1A26293E467500A25474 /* LSUniversalTest.app */,
			);
			name = Products;
			sourceTree = "<group>";
		};
		71DE1A28293E467500A25474 /* LSUniversalTest */ = {
			isa = PBXGroup;
			children = (
				71DE1A29293E467500A25474 /* AppDelegate.swift */,
				71DE1A2B293E467500A25474 /* SceneDelegate.swift */,
				71DE1A2D293E467500A25474 /* ViewController.swift */,
				71EB64DD2996819F00E9795C /* ViewController+LSUniversalSDKDelegate.swift */,
				71DE1A85293F5E4400A25474 /* Logger.h */,
				71DE1A86293F5E4400A25474 /* Logger.m */,
				71DE1A2F293E467500A25474 /* Main.storyboard */,
				71DE1A32293E467D00A25474 /* Assets.xcassets */,
				71DE1A34293E467D00A25474 /* LaunchScreen.storyboard */,
				71DE1A37293E467E00A25474 /* Info.plist */,
				71DE1A84293F5E4400A25474 /* LSUniversalTest-Bridging-Header.h */,
			);
			path = LSUniversalTest;
			sourceTree = "<group>";
		};
		71DE1A3D293E471800A25474 /* Frameworks */ = {
			isa = PBXGroup;
			children = (
				71DE1A60293E4BBA00A25474 /* AdvancedAnnotations.xcframework */,
				71DE1A63293E4BBA00A25474 /* LiveTranslation.xcframework */,
				71DE1A64293E4BBA00A25474 /* LSUniversalSDK.xcframework */,
				71DE1A61293E4BBA00A25474 /* MediaCapture.xcframework */,
				71DE1A65293E4BBA00A25474 /* Multiparty.xcframework */,
				71DE1A5E293E4BBA00A25474 /* Permissions.xcframework */,
				71DE1A5F293E4BBA00A25474 /* SightCallCore.xcframework */,
				71DE1A62293E4BBA00A25474 /* Wormhole.xcframework */,
				9E93C6DBAB7496C87F033C30 /* Pods_LSUniversalTest.framework */,
			);
			name = Frameworks;
			sourceTree = "<group>";
		};
/* End PBXGroup section */

/* Begin PBXNativeTarget section */
		71DE1A25293E467500A25474 /* LSUniversalTest */ = {
			isa = PBXNativeTarget;
			buildConfigurationList = 71DE1A3A293E467E00A25474 /* Build configuration list for PBXNativeTarget "LSUniversalTest" */;
			buildPhases = (
				826A21D1A86F9E42ADE2E114 /* [CP] Check Pods Manifest.lock */,
				71DE1A22293E467500A25474 /* Sources */,
				71DE1A23293E467500A25474 /* Frameworks */,
				71DE1A24293E467500A25474 /* Resources */,
				C73DB23D47FCABC3599B1727 /* [CP] Embed Pods Frameworks */,
			);
			buildRules = (
			);
			dependencies = (
			);
			name = LSUniversalTest;
			productName = LSUniversalTest;
			productReference = 71DE1A26293E467500A25474 /* LSUniversalTest.app */;
			productType = "com.apple.product-type.application";
		};
/* End PBXNativeTarget section */

/* Begin PBXProject section */
		71DE1A1E293E467500A25474 /* Project object */ = {
			isa = PBXProject;
			attributes = {
				BuildIndependentTargetsInParallel = 1;
				LastSwiftUpdateCheck = 1340;
				LastUpgradeCheck = 1340;
				TargetAttributes = {
					71DE1A25293E467500A25474 = {
						CreatedOnToolsVersion = 13.4.1;
						LastSwiftMigration = 1340;
					};
				};
			};
			buildConfigurationList = 71DE1A21293E467500A25474 /* Build configuration list for PBXProject "LSUniversalTest" */;
			compatibilityVersion = "Xcode 13.0";
			developmentRegion = en;
			hasScannedForEncodings = 0;
			knownRegions = (
				en,
				Base,
			);
			mainGroup = 71DE1A1D293E467500A25474;
			productRefGroup = 71DE1A27293E467500A25474 /* Products */;
			projectDirPath = "";
			projectRoot = "";
			targets = (
				71DE1A25293E467500A25474 /* LSUniversalTest */,
			);
		};
/* End PBXProject section */

/* Begin PBXResourcesBuildPhase section */
		71DE1A24293E467500A25474 /* Resources */ = {
			isa = PBXResourcesBuildPhase;
			buildActionMask = 2147483647;
			files = (
				71DE1A36293E467D00A25474 /* LaunchScreen.storyboard in Resources */,
				71DE1A33293E467D00A25474 /* Assets.xcassets in Resources */,
				71DE1A31293E467500A25474 /* Main.storyboard in Resources */,
			);
			runOnlyForDeploymentPostprocessing = 0;
		};
/* End PBXResourcesBuildPhase section */

/* Begin PBXShellScriptBuildPhase section */
		826A21D1A86F9E42ADE2E114 /* [CP] Check Pods Manifest.lock */ = {
			isa = PBXShellScriptBuildPhase;
			buildActionMask = 2147483647;
			files = (
			);
			inputFileListPaths = (
			);
			inputPaths = (
				"${PODS_PODFILE_DIR_PATH}/Podfile.lock",
				"${PODS_ROOT}/Manifest.lock",
			);
			name = "[CP] Check Pods Manifest.lock";
			outputFileListPaths = (
			);
			outputPaths = (
				"$(DERIVED_FILE_DIR)/Pods-LSUniversalTest-checkManifestLockResult.txt",
			);
			runOnlyForDeploymentPostprocessing = 0;
			shellPath = /bin/sh;
			shellScript = "diff \"${PODS_PODFILE_DIR_PATH}/Podfile.lock\" \"${PODS_ROOT}/Manifest.lock\" > /dev/null\nif [ $? != 0 ] ; then\n    # print error to STDERR\n    echo \"error: The sandbox is not in sync with the Podfile.lock. Run 'pod install' or update your CocoaPods installation.\" >&2\n    exit 1\nfi\n# This output is used by Xcode 'outputs' to avoid re-running this script phase.\necho \"SUCCESS\" > \"${SCRIPT_OUTPUT_FILE_0}\"\n";
			showEnvVarsInLog = 0;
		};
		C73DB23D47FCABC3599B1727 /* [CP] Embed Pods Frameworks */ = {
			isa = PBXShellScriptBuildPhase;
			buildActionMask = 2147483647;
			files = (
			);
			inputFileListPaths = (
				"${PODS_ROOT}/Target Support Files/Pods-LSUniversalTest/Pods-LSUniversalTest-frameworks-${CONFIGURATION}-input-files.xcfilelist",
			);
			name = "[CP] Embed Pods Frameworks";
			outputFileListPaths = (
				"${PODS_ROOT}/Target Support Files/Pods-LSUniversalTest/Pods-LSUniversalTest-frameworks-${CONFIGURATION}-output-files.xcfilelist",
			);
			runOnlyForDeploymentPostprocessing = 0;
			shellPath = /bin/sh;
			shellScript = "\"${PODS_ROOT}/Target Support Files/Pods-LSUniversalTest/Pods-LSUniversalTest-frameworks.sh\"\n";
			showEnvVarsInLog = 0;
		};
/* End PBXShellScriptBuildPhase section */

/* Begin PBXSourcesBuildPhase section */
		71DE1A22293E467500A25474 /* Sources */ = {
			isa = PBXSourcesBuildPhase;
			buildActionMask = 2147483647;
			files = (
				71EB64DE2996819F00E9795C /* ViewController+LSUniversalSDKDelegate.swift in Sources */,
				71DE1A2E293E467500A25474 /* ViewController.swift in Sources */,
				71DE1A87293F5E4400A25474 /* Logger.m in Sources */,
				71DE1A2A293E467500A25474 /* AppDelegate.swift in Sources */,
				71DE1A2C293E467500A25474 /* SceneDelegate.swift in Sources */,
			);
			runOnlyForDeploymentPostprocessing = 0;
		};
/* End PBXSourcesBuildPhase section */

/* Begin PBXVariantGroup section */
		71DE1A2F293E467500A25474 /* Main.storyboard */ = {
			isa = PBXVariantGroup;
			children = (
				71DE1A30293E467500A25474 /* Base */,
			);
			name = Main.storyboard;
			sourceTree = "<group>";
		};
		71DE1A34293E467D00A25474 /* LaunchScreen.storyboard */ = {
			isa = PBXVariantGroup;
			children = (
				71DE1A35293E467D00A25474 /* Base */,
			);
			name = LaunchScreen.storyboard;
			sourceTree = "<group>";
		};
/* End PBXVariantGroup section */

/* Begin XCBuildConfiguration section */
		71DE1A38293E467E00A25474 /* Debug */ = {
			isa = XCBuildConfiguration;
			buildSettings = {
				ALWAYS_SEARCH_USER_PATHS = NO;
				CLANG_ANALYZER_NONNULL = YES;
				CLANG_ANALYZER_NUMBER_OBJECT_CONVERSION = YES_AGGRESSIVE;
				CLANG_CXX_LANGUAGE_STANDARD = "gnu++17";
				CLANG_ENABLE_MODULES = YES;
				CLANG_ENABLE_OBJC_ARC = YES;
				CLANG_ENABLE_OBJC_WEAK = YES;
				CLANG_WARN_BLOCK_CAPTURE_AUTORELEASING = YES;
				CLANG_WARN_BOOL_CONVERSION = YES;
				CLANG_WARN_COMMA = YES;
				CLANG_WARN_CONSTANT_CONVERSION = YES;
				CLANG_WARN_DEPRECATED_OBJC_IMPLEMENTATIONS = YES;
				CLANG_WARN_DIRECT_OBJC_ISA_USAGE = YES_ERROR;
				CLANG_WARN_DOCUMENTATION_COMMENTS = YES;
				CLANG_WARN_EMPTY_BODY = YES;
				CLANG_WARN_ENUM_CONVERSION = YES;
				CLANG_WARN_INFINITE_RECURSION = YES;
				CLANG_WARN_INT_CONVERSION = YES;
				CLANG_WARN_NON_LITERAL_NULL_CONVERSION = YES;
				CLANG_WARN_OBJC_IMPLICIT_RETAIN_SELF = YES;
				CLANG_WARN_OBJC_LITERAL_CONVERSION = YES;
				CLANG_WARN_OBJC_ROOT_CLASS = YES_ERROR;
				CLANG_WARN_QUOTED_INCLUDE_IN_FRAMEWORK_HEADER = YES;
				CLANG_WARN_RANGE_LOOP_ANALYSIS = YES;
				CLANG_WARN_STRICT_PROTOTYPES = YES;
				CLANG_WARN_SUSPICIOUS_MOVE = YES;
				CLANG_WARN_UNGUARDED_AVAILABILITY = YES_AGGRESSIVE;
				CLANG_WARN_UNREACHABLE_CODE = YES;
				CLANG_WARN__DUPLICATE_METHOD_MATCH = YES;
				COPY_PHASE_STRIP = NO;
				DEBUG_INFORMATION_FORMAT = dwarf;
				ENABLE_STRICT_OBJC_MSGSEND = YES;
				ENABLE_TESTABILITY = YES;
				GCC_C_LANGUAGE_STANDARD = gnu11;
				GCC_DYNAMIC_NO_PIC = NO;
				GCC_NO_COMMON_BLOCKS = YES;
				GCC_OPTIMIZATION_LEVEL = 0;
				GCC_PREPROCESSOR_DEFINITIONS = (
					"DEBUG=1",
					"$(inherited)",
				);
				GCC_WARN_64_TO_32_BIT_CONVERSION = YES;
				GCC_WARN_ABOUT_RETURN_TYPE = YES_ERROR;
				GCC_WARN_UNDECLARED_SELECTOR = YES;
				GCC_WARN_UNINITIALIZED_AUTOS = YES_AGGRESSIVE;
				GCC_WARN_UNUSED_FUNCTION = YES;
				GCC_WARN_UNUSED_VARIABLE = YES;
				IPHONEOS_DEPLOYMENT_TARGET = 15.5;
				MTL_ENABLE_DEBUG_INFO = INCLUDE_SOURCE;
				MTL_FAST_MATH = YES;
				ONLY_ACTIVE_ARCH = YES;
				SDKROOT = iphoneos;
				SWIFT_ACTIVE_COMPILATION_CONDITIONS = DEBUG;
				SWIFT_OPTIMIZATION_LEVEL = "-Onone";
			};
			name = Debug;
		};
		71DE1A39293E467E00A25474 /* Release */ = {
			isa = XCBuildConfiguration;
			buildSettings = {
				ALWAYS_SEARCH_USER_PATHS = NO;
				CLANG_ANALYZER_NONNULL = YES;
				CLANG_ANALYZER_NUMBER_OBJECT_CONVERSION = YES_AGGRESSIVE;
				CLANG_CXX_LANGUAGE_STANDARD = "gnu++17";
				CLANG_ENABLE_MODULES = YES;
				CLANG_ENABLE_OBJC_ARC = YES;
				CLANG_ENABLE_OBJC_WEAK = YES;
				CLANG_WARN_BLOCK_CAPTURE_AUTORELEASING = YES;
				CLANG_WARN_BOOL_CONVERSION = YES;
				CLANG_WARN_COMMA = YES;
				CLANG_WARN_CONSTANT_CONVERSION = YES;
				CLANG_WARN_DEPRECATED_OBJC_IMPLEMENTATIONS = YES;
				CLANG_WARN_DIRECT_OBJC_ISA_USAGE = YES_ERROR;
				CLANG_WARN_DOCUMENTATION_COMMENTS = YES;
				CLANG_WARN_EMPTY_BODY = YES;
				CLANG_WARN_ENUM_CONVERSION = YES;
				CLANG_WARN_INFINITE_RECURSION = YES;
				CLANG_WARN_INT_CONVERSION = YES;
				CLANG_WARN_NON_LITERAL_NULL_CONVERSION = YES;
				CLANG_WARN_OBJC_IMPLICIT_RETAIN_SELF = YES;
				CLANG_WARN_OBJC_LITERAL_CONVERSION = YES;
				CLANG_WARN_OBJC_ROOT_CLASS = YES_ERROR;
				CLANG_WARN_QUOTED_INCLUDE_IN_FRAMEWORK_HEADER = YES;
				CLANG_WARN_RANGE_LOOP_ANALYSIS = YES;
				CLANG_WARN_STRICT_PROTOTYPES = YES;
				CLANG_WARN_SUSPICIOUS_MOVE = YES;
				CLANG_WARN_UNGUARDED_AVAILABILITY = YES_AGGRESSIVE;
				CLANG_WARN_UNREACHABLE_CODE = YES;
				CLANG_WARN__DUPLICATE_METHOD_MATCH = YES;
				COPY_PHASE_STRIP = NO;
				DEBUG_INFORMATION_FORMAT = "dwarf-with-dsym";
				ENABLE_NS_ASSERTIONS = NO;
				ENABLE_STRICT_OBJC_MSGSEND = YES;
				GCC_C_LANGUAGE_STANDARD = gnu11;
				GCC_NO_COMMON_BLOCKS = YES;
				GCC_WARN_64_TO_32_BIT_CONVERSION = YES;
				GCC_WARN_ABOUT_RETURN_TYPE = YES_ERROR;
				GCC_WARN_UNDECLARED_SELECTOR = YES;
				GCC_WARN_UNINITIALIZED_AUTOS = YES_AGGRESSIVE;
				GCC_WARN_UNUSED_FUNCTION = YES;
				GCC_WARN_UNUSED_VARIABLE = YES;
				IPHONEOS_DEPLOYMENT_TARGET = 15.5;
				MTL_ENABLE_DEBUG_INFO = NO;
				MTL_FAST_MATH = YES;
				SDKROOT = iphoneos;
				SWIFT_COMPILATION_MODE = wholemodule;
				SWIFT_OPTIMIZATION_LEVEL = "-O";
				VALIDATE_PRODUCT = YES;
			};
			name = Release;
		};
		71DE1A3B293E467E00A25474 /* Debug */ = {
			isa = XCBuildConfiguration;
			baseConfigurationReference = EC628BF772C101A825129BB6 /* Pods-LSUniversalTest.debug.xcconfig */;
			buildSettings = {
				ASSETCATALOG_COMPILER_APPICON_NAME = AppIcon;
				ASSETCATALOG_COMPILER_GLOBAL_ACCENT_COLOR_NAME = AccentColor;
				CLANG_ENABLE_MODULES = YES;
				CODE_SIGN_STYLE = Automatic;
				CURRENT_PROJECT_VERSION = 1;
				DEVELOPMENT_TEAM = WDH9UWSA4G;
				FRAMEWORK_SEARCH_PATHS = (
					"$(inherited)",
					"$(PROJECT_DIR)/LSUniversalSDK_iOS.xcarchive/Products/Library/Frameworks",
				);
				GENERATE_INFOPLIST_FILE = YES;
				INFOPLIST_FILE = LSUniversalTest/Info.plist;
				INFOPLIST_KEY_NSCameraUsageDescription = Call;
				INFOPLIST_KEY_NSMicrophoneUsageDescription = micro;
				INFOPLIST_KEY_UIApplicationSupportsIndirectInputEvents = YES;
				INFOPLIST_KEY_UILaunchStoryboardName = LaunchScreen;
				INFOPLIST_KEY_UIMainStoryboardFile = Main;
				INFOPLIST_KEY_UISupportedInterfaceOrientations_iPad = "UIInterfaceOrientationPortrait UIInterfaceOrientationPortraitUpsideDown UIInterfaceOrientationLandscapeLeft UIInterfaceOrientationLandscapeRight";
				INFOPLIST_KEY_UISupportedInterfaceOrientations_iPhone = "UIInterfaceOrientationPortrait UIInterfaceOrientationLandscapeLeft UIInterfaceOrientationLandscapeRight";
				IPHONEOS_DEPLOYMENT_TARGET = 13.0;
				LD_RUNPATH_SEARCH_PATHS = (
					"$(inherited)",
					"@executable_path/Frameworks",
				);
				MARKETING_VERSION = 1.0;
				PRODUCT_BUNDLE_IDENTIFIER = com.sightcall.LSUniversalTest;
				PRODUCT_NAME = "$(TARGET_NAME)";
				SWIFT_EMIT_LOC_STRINGS = YES;
				SWIFT_OBJC_BRIDGING_HEADER = "LSUniversalTest/LSUniversalTest-Bridging-Header.h";
				SWIFT_OPTIMIZATION_LEVEL = "-Onone";
				SWIFT_VERSION = 5.0;
				TARGETED_DEVICE_FAMILY = "1,2";
			};
			name = Debug;
		};
		71DE1A3C293E467E00A25474 /* Release */ = {
			isa = XCBuildConfiguration;
			baseConfigurationReference = CD92C6744A3D2DEABF94B358 /* Pods-LSUniversalTest.release.xcconfig */;
			buildSettings = {
				ASSETCATALOG_COMPILER_APPICON_NAME = AppIcon;
				ASSETCATALOG_COMPILER_GLOBAL_ACCENT_COLOR_NAME = AccentColor;
				CLANG_ENABLE_MODULES = YES;
				CODE_SIGN_STYLE = Automatic;
				CURRENT_PROJECT_VERSION = 1;
				DEVELOPMENT_TEAM = WDH9UWSA4G;
				FRAMEWORK_SEARCH_PATHS = (
					"$(inherited)",
					"$(PROJECT_DIR)/LSUniversalSDK_iOS.xcarchive/Products/Library/Frameworks",
				);
				GENERATE_INFOPLIST_FILE = YES;
				INFOPLIST_FILE = LSUniversalTest/Info.plist;
				INFOPLIST_KEY_NSCameraUsageDescription = Call;
				INFOPLIST_KEY_NSMicrophoneUsageDescription = micro;
				INFOPLIST_KEY_UIApplicationSupportsIndirectInputEvents = YES;
				INFOPLIST_KEY_UILaunchStoryboardName = LaunchScreen;
				INFOPLIST_KEY_UIMainStoryboardFile = Main;
				INFOPLIST_KEY_UISupportedInterfaceOrientations_iPad = "UIInterfaceOrientationPortrait UIInterfaceOrientationPortraitUpsideDown UIInterfaceOrientationLandscapeLeft UIInterfaceOrientationLandscapeRight";
				INFOPLIST_KEY_UISupportedInterfaceOrientations_iPhone = "UIInterfaceOrientationPortrait UIInterfaceOrientationLandscapeLeft UIInterfaceOrientationLandscapeRight";
				IPHONEOS_DEPLOYMENT_TARGET = 13.0;
				LD_RUNPATH_SEARCH_PATHS = (
					"$(inherited)",
					"@executable_path/Frameworks",
				);
				MARKETING_VERSION = 1.0;
				PRODUCT_BUNDLE_IDENTIFIER = com.sightcall.LSUniversalTest;
				PRODUCT_NAME = "$(TARGET_NAME)";
				SWIFT_EMIT_LOC_STRINGS = YES;
				SWIFT_OBJC_BRIDGING_HEADER = "LSUniversalTest/LSUniversalTest-Bridging-Header.h";
				SWIFT_VERSION = 5.0;
				TARGETED_DEVICE_FAMILY = "1,2";
			};
			name = Release;
		};
/* End XCBuildConfiguration section */

/* Begin XCConfigurationList section */
		71DE1A21293E467500A25474 /* Build configuration list for PBXProject "LSUniversalTest" */ = {
			isa = XCConfigurationList;
			buildConfigurations = (
				71DE1A38293E467E00A25474 /* Debug */,
				71DE1A39293E467E00A25474 /* Release */,
			);
			defaultConfigurationIsVisible = 0;
			defaultConfigurationName = Release;
		};
		71DE1A3A293E467E00A25474 /* Build configuration list for PBXNativeTarget "LSUniversalTest" */ = {
			isa = XCConfigurationList;
			buildConfigurations = (
				71DE1A3B293E467E00A25474 /* Debug */,
				71DE1A3C293E467E00A25474 /* Release */,
			);
			defaultConfigurationIsVisible = 0;
			defaultConfigurationName = Release;
		};
/* End XCConfigurationList section */
	};
	rootObject = 71DE1A1E293E467500A25474 /* Project object */;
}
